
Microsoft Visual Studio Solution File, Format Version 12.00
# Visual Studio Version 17
VisualStudioVersion = 17.1.32210.238
MinimumVisualStudioVersion = 10.0.40219.1
Project("{888888A0-9F3D-457C-B088-3A5042F75D52}") = "PythonCyberSec", "PythonCyberSec\PythonCyberSec.pyproj", "{8E229F2B-A28D-44CF-8E6C-89E7D6BBFC01}"
EndProject
Global
	GlobalSection(SolutionConfigurationPlatforms) = preSolution
		Debug|Any CPU = Debug|Any CPU
		Release|Any CPU = Release|Any CPU
	EndGlobalSection
	GlobalSection(ProjectConfigurationPlatforms) = postSolution
		{8E229F2B-A28D-44CF-8E6C-89E7D6BBFC01}.Debug|Any CPU.ActiveCfg = Debug|Any CPU
		{8E229F2B-A28D-44CF-8E6C-89E7D6BBFC01}.Release|Any CPU.ActiveCfg = Release|Any CPU
	EndGlobalSection
	GlobalSection(SolutionProperties) = preSolution
		HideSolutionNode = FALSE
	EndGlobalSection
	GlobalSection(ExtensibilityGlobals) = postSolution
		SolutionGuid = {25FC3D3E-496B-4591-8571-D1A2D78CDB61}
	EndGlobalSection
EndGlobal
